// !$*UTF8*$!
{
	archiveVersion = 1;
	classes = {
	};
	objectVersion = 50;
	objects = {

/* Begin PBXBuildFile section */
		B7895C3B252C3640009AD5FB /* AppDelegate.swift in Sources */ = {isa = PBXBuildFile; fileRef = B7895C3A252C3640009AD5FB /* AppDelegate.swift */; };
		B7895C3D252C3640009AD5FB /* SceneDelegate.swift in Sources */ = {isa = PBXBuildFile; fileRef = B7895C3C252C3640009AD5FB /* SceneDelegate.swift */; };
		B7895C3F252C3640009AD5FB /* ViewController.swift in Sources */ = {isa = PBXBuildFile; fileRef = B7895C3E252C3640009AD5FB /* ViewController.swift */; };
		B7895C42252C3640009AD5FB /* Main.storyboard in Resources */ = {isa = PBXBuildFile; fileRef = B7895C40252C3640009AD5FB /* Main.storyboard */; };
		B7895C44252C3643009AD5FB /* Assets.xcassets in Resources */ = {isa = PBXBuildFile; fileRef = B7895C43252C3643009AD5FB /* Assets.xcassets */; };
		B7895C47252C3643009AD5FB /* LaunchScreen.storyboard in Resources */ = {isa = PBXBuildFile; fileRef = B7895C45252C3643009AD5FB /* LaunchScreen.storyboard */; };
		B7895C52252C3643009AD5FB /* InstagramTests.swift in Sources */ = {isa = PBXBuildFile; fileRef = B7895C51252C3643009AD5FB /* InstagramTests.swift */; };
		B7895C5D252C3643009AD5FB /* InstagramUITests.swift in Sources */ = {isa = PBXBuildFile; fileRef = B7895C5C252C3643009AD5FB /* InstagramUITests.swift */; };
/* End PBXBuildFile section */

/* Begin PBXContainerItemProxy section */
		B7895C4E252C3643009AD5FB /* PBXContainerItemProxy */ = {
			isa = PBXContainerItemProxy;
			containerPortal = B7895C2F252C3640009AD5FB /* Project object */;
			proxyType = 1;
			remoteGlobalIDString = B7895C36252C3640009AD5FB;
			remoteInfo = Instagram;
		};
		B7895C59252C3643009AD5FB /* PBXContainerItemProxy */ = {
			isa = PBXContainerItemProxy;
			containerPortal = B7895C2F252C3640009AD5FB /* Project object */;
			proxyType = 1;
			remoteGlobalIDString = B7895C36252C3640009AD5FB;
			remoteInfo = Instagram;
		};
/* End PBXContainerItemProxy section */

/* Begin PBXFileReference section */
		B7895C37252C3640009AD5FB /* Instagram.app */ = {isa = PBXFileReference; explicitFileType = wrapper.application; includeInIndex = 0; path = Instagram.app; sourceTree = BUILT_PRODUCTS_DIR; };
		B7895C3A252C3640009AD5FB /* AppDelegate.swift */ = {isa = PBXFileReference; lastKnownFileType = sourcecode.swift; path = AppDelegate.swift; sourceTree = "<group>"; };
		B7895C3C252C3640009AD5FB /* SceneDelegate.swift */ = {isa = PBXFileReference; lastKnownFileType = sourcecode.swift; path = SceneDelegate.swift; sourceTree = "<group>"; };
		B7895C3E252C3640009AD5FB /* ViewController.swift */ = {isa = PBXFileReference; lastKnownFileType = sourcecode.swift; path = ViewController.swift; sourceTree = "<group>"; };
		B7895C41252C3640009AD5FB /* Base */ = {isa = PBXFileReference; lastKnownFileType = file.storyboard; name = Base; path = Base.lproj/Main.storyboard; sourceTree = "<group>"; };
		B7895C43252C3643009AD5FB /* Assets.xcassets */ = {isa = PBXFileReference; lastKnownFileType = folder.assetcatalog; path = Assets.xcassets; sourceTree = "<group>"; };
		B7895C46252C3643009AD5FB /* Base */ = {isa = PBXFileReference; lastKnownFileType = file.storyboard; name = Base; path = Base.lproj/LaunchScreen.storyboard; sourceTree = "<group>"; };
		B7895C48252C3643009AD5FB /* Info.plist */ = {isa = PBXFileReference; lastKnownFileType = text.plist.xml; path = Info.plist; sourceTree = "<group>"; };
		B7895C4D252C3643009AD5FB /* InstagramTests.xctest */ = {isa = PBXFileReference; explicitFileType = wrapper.cfbundle; includeInIndex = 0; path = InstagramTests.xctest; sourceTree = BUILT_PRODUCTS_DIR; };
		B7895C51252C3643009AD5FB /* InstagramTests.swift */ = {isa = PBXFileReference; lastKnownFileType = sourcecode.swift; path = InstagramTests.swift; sourceTree = "<group>"; };
		B7895C53252C3643009AD5FB /* Info.plist */ = {isa = PBXFileReference; lastKnownFileType = text.plist.xml; path = Info.plist; sourceTree = "<group>"; };
		B7895C58252C3643009AD5FB /* InstagramUITests.xctest */ = {isa = PBXFileReference; explicitFileType = wrapper.cfbundle; includeInIndex = 0; path = InstagramUITests.xctest; sourceTree = BUILT_PRODUCTS_DIR; };
		B7895C5C252C3643009AD5FB /* InstagramUITests.swift */ = {isa = PBXFileReference; lastKnownFileType = sourcecode.swift; path = InstagramUITests.swift; sourceTree = "<group>"; };
		B7895C5E252C3643009AD5FB /* Info.plist */ = {isa = PBXFileReference; lastKnownFileType = text.plist.xml; path = Info.plist; sourceTree = "<group>"; };
/* End PBXFileReference section */

/* Begin PBXFrameworksBuildPhase section */
		B7895C34252C3640009AD5FB /* Frameworks */ = {
			isa = PBXFrameworksBuildPhase;
			buildActionMask = 2147483647;
			files = (
			);
			runOnlyForDeploymentPostprocessing = 0;
		};
		B7895C4A252C3643009AD5FB /* Frameworks */ = {
			isa = PBXFrameworksBuildPhase;
			buildActionMask = 2147483647;
			files = (
			);
			runOnlyForDeploymentPostprocessing = 0;
		};
		B7895C55252C3643009AD5FB /* Frameworks */ = {
			isa = PBXFrameworksBuildPhase;
			buildActionMask = 2147483647;
			files = (
			);
			runOnlyForDeploymentPostprocessing = 0;
		};
/* End PBXFrameworksBuildPhase section */

/* Begin PBXGroup section */
		B7895C2E252C3640009AD5FB = {
			isa = PBXGroup;
			children = (
				B7895C39252C3640009AD5FB /* Instagram */,
				B7895C50252C3643009AD5FB /* InstagramTests */,
				B7895C5B252C3643009AD5FB /* InstagramUITests */,
				B7895C38252C3640009AD5FB /* Products */,
			);
			sourceTree = "<group>";
		};
		B7895C38252C3640009AD5FB /* Products */ = {
			isa = PBXGroup;
			children = (
				B7895C37252C3640009AD5FB /* Instagram.app */,
				B7895C4D252C3643009AD5FB /* InstagramTests.xctest */,
				B7895C58252C3643009AD5FB /* InstagramUITests.xctest */,
			);
			name = Products;
			sourceTree = "<group>";
		};
		B7895C39252C3640009AD5FB /* Instagram */ = {
			isa = PBXGroup;
			children = (
				B7895C3A252C3640009AD5FB /* AppDelegate.swift */,
				B7895C3C252C3640009AD5FB /* SceneDelegate.swift */,
				B7895C3E252C3640009AD5FB /* ViewController.swift */,
				B7895C40252C3640009AD5FB /* Main.storyboard */,
				B7895C43252C3643009AD5FB /* Assets.xcassets */,
				B7895C45252C3643009AD5FB /* LaunchScreen.storyboard */,
				B7895C48252C3643009AD5FB /* Info.plist */,
			);
			path = Instagram;
			sourceTree = "<group>";
		};
		B7895C50252C3643009AD5FB /* InstagramTests */ = {
			isa = PBXGroup;
			children = (
				B7895C51252C3643009AD5FB /* InstagramTests.swift */,
				B7895C53252C3643009AD5FB /* Info.plist */,
			);
			path = InstagramTests;
			sourceTree = "<group>";
		};
		B7895C5B252C3643009AD5FB /* InstagramUITests */ = {
			isa = PBXGroup;
			children = (
				B7895C5C252C3643009AD5FB /* InstagramUITests.swift */,
				B7895C5E252C3643009AD5FB /* Info.plist */,
			);
			path = InstagramUITests;
			sourceTree = "<group>";
		};
/* End PBXGroup section */

/* Begin PBXNativeTarget section */
		B7895C36252C3640009AD5FB /* Instagram */ = {
			isa = PBXNativeTarget;
			buildConfigurationList = B7895C61252C3643009AD5FB /* Build configuration list for PBXNativeTarget "Instagram" */;
			buildPhases = (
				B7895C33252C3640009AD5FB /* Sources */,
				B7895C34252C3640009AD5FB /* Frameworks */,
				B7895C35252C3640009AD5FB /* Resources */,
			);
			buildRules = (
			);
			dependencies = (
			);
			name = Instagram;
			productName = Instagram;
			productReference = B7895C37252C3640009AD5FB /* Instagram.app */;
			productType = "com.apple.product-type.application";
		};
		B7895C4C252C3643009AD5FB /* InstagramTests */ = {
			isa = PBXNativeTarget;
			buildConfigurationList = B7895C64252C3643009AD5FB /* Build configuration list for PBXNativeTarget "InstagramTests" */;
			buildPhases = (
				B7895C49252C3643009AD5FB /* Sources */,
				B7895C4A252C3643009AD5FB /* Frameworks */,
				B7895C4B252C3643009AD5FB /* Resources */,
			);
			buildRules = (
			);
			dependencies = (
				B7895C4F252C3643009AD5FB /* PBXTargetDependency */,
			);
			name = InstagramTests;
			productName = InstagramTests;
			productReference = B7895C4D252C3643009AD5FB /* InstagramTests.xctest */;
			productType = "com.apple.product-type.bundle.unit-test";
		};
		B7895C57252C3643009AD5FB /* InstagramUITests */ = {
			isa = PBXNativeTarget;
			buildConfigurationList = B7895C67252C3643009AD5FB /* Build configuration list for PBXNativeTarget "InstagramUITests" */;
			buildPhases = (
				B7895C54252C3643009AD5FB /* Sources */,
				B7895C55252C3643009AD5FB /* Frameworks */,
				B7895C56252C3643009AD5FB /* Resources */,
			);
			buildRules = (
			);
			dependencies = (
				B7895C5A252C3643009AD5FB /* PBXTargetDependency */,
			);
			name = InstagramUITests;
			productName = InstagramUITests;
			productReference = B7895C58252C3643009AD5FB /* InstagramUITests.xctest */;
			productType = "com.apple.product-type.bundle.ui-testing";
		};
/* End PBXNativeTarget section */

/* Begin PBXProject section */
		B7895C2F252C3640009AD5FB /* Project object */ = {
			isa = PBXProject;
			attributes = {
				LastSwiftUpdateCheck = 1200;
				LastUpgradeCheck = 1200;
				TargetAttributes = {
					B7895C36252C3640009AD5FB = {
						CreatedOnToolsVersion = 12.0.1;
					};
					B7895C4C252C3643009AD5FB = {
						CreatedOnToolsVersion = 12.0.1;
						TestTargetID = B7895C36252C3640009AD5FB;
					};
					B7895C57252C3643009AD5FB = {
						CreatedOnToolsVersion = 12.0.1;
						TestTargetID = B7895C36252C3640009AD5FB;
					};
				};
			};
			buildConfigurationList = B7895C32252C3640009AD5FB /* Build configuration list for PBXProject "Instagram" */;
			compatibilityVersion = "Xcode 9.3";
			developmentRegion = en;
			hasScannedForEncodings = 0;
			knownRegions = (
				en,
				Base,
			);
			mainGroup = B7895C2E252C3640009AD5FB;
			productRefGroup = B7895C38252C3640009AD5FB /* Products */;
			projectDirPath = "";
			projectRoot = "";
			targets = (
				B7895C36252C3640009AD5FB /* Instagram */,
				B7895C4C252C3643009AD5FB /* InstagramTests */,
				B7895C57252C3643009AD5FB /* InstagramUITests */,
			);
		};
/* End PBXProject section */

/* Begin PBXResourcesBuildPhase section */
		B7895C35252C3640009AD5FB /* Resources */ = {
			isa = PBXResourcesBuildPhase;
			buildActionMask = 2147483647;
			files = (
				B7895C47252C3643009AD5FB /* LaunchScreen.storyboard in Resources */,
				B7895C44252C3643009AD5FB /* Assets.xcassets in Resources */,
				B7895C42252C3640009AD5FB /* Main.storyboard in Resources */,
			);
			runOnlyForDeploymentPostprocessing = 0;
		};
		B7895C4B252C3643009AD5FB /* Resources */ = {
			isa = PBXResourcesBuildPhase;
			buildActionMask = 2147483647;
			files = (
			);
			runOnlyForDeploymentPostprocessing = 0;
		};
		B7895C56252C3643009AD5FB /* Resources */ = {
			isa = PBXResourcesBuildPhase;
			buildActionMask = 2147483647;
			files = (
			);
			runOnlyForDeploymentPostprocessing = 0;
		};
/* End PBXResourcesBuildPhase section */

/* Begin PBXSourcesBuildPhase section */
		B7895C33252C3640009AD5FB /* Sources */ = {
			isa = PBXSourcesBuildPhase;
			buildActionMask = 2147483647;
			files = (
				B7895C3F252C3640009AD5FB /* ViewController.swift in Sources */,
				B7895C3B252C3640009AD5FB /* AppDelegate.swift in Sources */,
				B7895C3D252C3640009AD5FB /* SceneDelegate.swift in Sources */,
			);
			runOnlyForDeploymentPostprocessing = 0;
		};
		B7895C49252C3643009AD5FB /* Sources */ = {
			isa = PBXSourcesBuildPhase;
			buildActionMask = 2147483647;
			files = (
				B7895C52252C3643009AD5FB /* InstagramTests.swift in Sources */,
			);
			runOnlyForDeploymentPostprocessing = 0;
		};
		B7895C54252C3643009AD5FB /* Sources */ = {
			isa = PBXSourcesBuildPhase;
			buildActionMask = 2147483647;
			files = (
				B7895C5D252C3643009AD5FB /* InstagramUITests.swift in Sources */,
			);
			runOnlyForDeploymentPostprocessing = 0;
		};
/* End PBXSourcesBuildPhase section */

/* Begin PBXTargetDependency section */
		B7895C4F252C3643009AD5FB /* PBXTargetDependency */ = {
			isa = PBXTargetDependency;
			target = B7895C36252C3640009AD5FB /* Instagram */;
			targetProxy = B7895C4E252C3643009AD5FB /* PBXContainerItemProxy */;
		};
		B7895C5A252C3643009AD5FB /* PBXTargetDependency */ = {
			isa = PBXTargetDependency;
			target = B7895C36252C3640009AD5FB /* Instagram */;
			targetProxy = B7895C59252C3643009AD5FB /* PBXContainerItemProxy */;
		};
/* End PBXTargetDependency section */

/* Begin PBXVariantGroup section */
		B7895C40252C3640009AD5FB /* Main.storyboard */ = {
			isa = PBXVariantGroup;
			children = (
				B7895C41252C3640009AD5FB /* Base */,
			);
			name = Main.storyboard;
			sourceTree = "<group>";
		};
		B7895C45252C3643009AD5FB /* LaunchScreen.storyboard */ = {
			isa = PBXVariantGroup;
			children = (
				B7895C46252C3643009AD5FB /* Base */,
			);
			name = LaunchScreen.storyboard;
			sourceTree = "<group>";
		};
/* End PBXVariantGroup section */

/* Begin XCBuildConfiguration section */
		B7895C5F252C3643009AD5FB /* Debug */ = {
			isa = XCBuildConfiguration;
			buildSettings = {
				ALWAYS_SEARCH_USER_PATHS = NO;
				CLANG_ANALYZER_NONNULL = YES;
				CLANG_ANALYZER_NUMBER_OBJECT_CONVERSION = YES_AGGRESSIVE;
				CLANG_CXX_LANGUAGE_STANDARD = "gnu++14";
				CLANG_CXX_LIBRARY = "libc++";
				CLANG_ENABLE_MODULES = YES;
				CLANG_ENABLE_OBJC_ARC = YES;
				CLANG_ENABLE_OBJC_WEAK = YES;
				CLANG_WARN_BLOCK_CAPTURE_AUTORELEASING = YES;
				CLANG_WARN_BOOL_CONVERSION = YES;
				CLANG_WARN_COMMA = YES;
				CLANG_WARN_CONSTANT_CONVERSION = YES;
				CLANG_WARN_DEPRECATED_OBJC_IMPLEMENTATIONS = YES;
				CLANG_WARN_DIRECT_OBJC_ISA_USAGE = YES_ERROR;
				CLANG_WARN_DOCUMENTATION_COMMENTS = YES;
				CLANG_WARN_EMPTY_BODY = YES;
				CLANG_WARN_ENUM_CONVERSION = YES;
				CLANG_WARN_INFINITE_RECURSION = YES;
				CLANG_WARN_INT_CONVERSION = YES;
				CLANG_WARN_NON_LITERAL_NULL_CONVERSION = YES;
				CLANG_WARN_OBJC_IMPLICIT_RETAIN_SELF = YES;
				CLANG_WARN_OBJC_LITERAL_CONVERSION = YES;
				CLANG_WARN_OBJC_ROOT_CLASS = YES_ERROR;
				CLANG_WARN_QUOTED_INCLUDE_IN_FRAMEWORK_HEADER = YES;
				CLANG_WARN_RANGE_LOOP_ANALYSIS = YES;
				CLANG_WARN_STRICT_PROTOTYPES = YES;
				CLANG_WARN_SUSPICIOUS_MOVE = YES;
				CLANG_WARN_UNGUARDED_AVAILABILITY = YES_AGGRESSIVE;
				CLANG_WARN_UNREACHABLE_CODE = YES;
				CLANG_WARN__DUPLICATE_METHOD_MATCH = YES;
				COPY_PHASE_STRIP = NO;
				DEBUG_INFORMATION_FORMAT = dwarf;
				ENABLE_STRICT_OBJC_MSGSEND = YES;
				ENABLE_TESTABILITY = YES;
				GCC_C_LANGUAGE_STANDARD = gnu11;
				GCC_DYNAMIC_NO_PIC = NO;
				GCC_NO_COMMON_BLOCKS = YES;
				GCC_OPTIMIZATION_LEVEL = 0;
				GCC_PREPROCESSOR_DEFINITIONS = (
					"DEBUG=1",
					"$(inherited)",
				);
				GCC_WARN_64_TO_32_BIT_CONVERSION = YES;
				GCC_WARN_ABOUT_RETURN_TYPE = YES_ERROR;
				GCC_WARN_UNDECLARED_SELECTOR = YES;
				GCC_WARN_UNINITIALIZED_AUTOS = YES_AGGRESSIVE;
				GCC_WARN_UNUSED_FUNCTION = YES;
				GCC_WARN_UNUSED_VARIABLE = YES;
				IPHONEOS_DEPLOYMENT_TARGET = 14.0;
				MTL_ENABLE_DEBUG_INFO = INCLUDE_SOURCE;
				MTL_FAST_MATH = YES;
				ONLY_ACTIVE_ARCH = YES;
				SDKROOT = iphoneos;
				SWIFT_ACTIVE_COMPILATION_CONDITIONS = DEBUG;
				SWIFT_OPTIMIZATION_LEVEL = "-Onone";
			};
			name = Debug;
		};
		B7895C60252C3643009AD5FB /* Release */ = {
			isa = XCBuildConfiguration;
			buildSettings = {
				ALWAYS_SEARCH_USER_PATHS = NO;
				CLANG_ANALYZER_NONNULL = YES;
				CLANG_ANALYZER_NUMBER_OBJECT_CONVERSION = YES_AGGRESSIVE;
				CLANG_CXX_LANGUAGE_STANDARD = "gnu++14";
				CLANG_CXX_LIBRARY = "libc++";
				CLANG_ENABLE_MODULES = YES;
				CLANG_ENABLE_OBJC_ARC = YES;
				CLANG_ENABLE_OBJC_WEAK = YES;
				CLANG_WARN_BLOCK_CAPTURE_AUTORELEASING = YES;
				CLANG_WARN_BOOL_CONVERSION = YES;
				CLANG_WARN_COMMA = YES;
				CLANG_WARN_CONSTANT_CONVERSION = YES;
				CLANG_WARN_DEPRECATED_OBJC_IMPLEMENTATIONS = YES;
				CLANG_WARN_DIRECT_OBJC_ISA_USAGE = YES_ERROR;
				CLANG_WARN_DOCUMENTATION_COMMENTS = YES;
				CLANG_WARN_EMPTY_BODY = YES;
				CLANG_WARN_ENUM_CONVERSION = YES;
				CLANG_WARN_INFINITE_RECURSION = YES;
				CLANG_WARN_INT_CONVERSION = YES;
				CLANG_WARN_NON_LITERAL_NULL_CONVERSION = YES;
				CLANG_WARN_OBJC_IMPLICIT_RETAIN_SELF = YES;
				CLANG_WARN_OBJC_LITERAL_CONVERSION = YES;
				CLANG_WARN_OBJC_ROOT_CLASS = YES_ERROR;
				CLANG_WARN_QUOTED_INCLUDE_IN_FRAMEWORK_HEADER = YES;
				CLANG_WARN_RANGE_LOOP_ANALYSIS = YES;
				CLANG_WARN_STRICT_PROTOTYPES = YES;
				CLANG_WARN_SUSPICIOUS_MOVE = YES;
				CLANG_WARN_UNGUARDED_AVAILABILITY = YES_AGGRESSIVE;
				CLANG_WARN_UNREACHABLE_CODE = YES;
				CLANG_WARN__DUPLICATE_METHOD_MATCH = YES;
				COPY_PHASE_STRIP = NO;
				DEBUG_INFORMATION_FORMAT = "dwarf-with-dsym";
				ENABLE_NS_ASSERTIONS = NO;
				ENABLE_STRICT_OBJC_MSGSEND = YES;
				GCC_C_LANGUAGE_STANDARD = gnu11;
				GCC_NO_COMMON_BLOCKS = YES;
				GCC_WARN_64_TO_32_BIT_CONVERSION = YES;
				GCC_WARN_ABOUT_RETURN_TYPE = YES_ERROR;
				GCC_WARN_UNDECLARED_SELECTOR = YES;
				GCC_WARN_UNINITIALIZED_AUTOS = YES_AGGRESSIVE;
				GCC_WARN_UNUSED_FUNCTION = YES;
				GCC_WARN_UNUSED_VARIABLE = YES;
				IPHONEOS_DEPLOYMENT_TARGET = 14.0;
				MTL_ENABLE_DEBUG_INFO = NO;
				MTL_FAST_MATH = YES;
				SDKROOT = iphoneos;
				SWIFT_COMPILATION_MODE = wholemodule;
				SWIFT_OPTIMIZATION_LEVEL = "-O";
				VALIDATE_PRODUCT = YES;
			};
			name = Release;
		};
		B7895C62252C3643009AD5FB /* Debug */ = {
			isa = XCBuildConfiguration;
			buildSettings = {
				ASSETCATALOG_COMPILER_APPICON_NAME = AppIcon;
				ASSETCATALOG_COMPILER_GLOBAL_ACCENT_COLOR_NAME = AccentColor;
				CODE_SIGN_STYLE = Automatic;
				DEVELOPMENT_TEAM = P72Y94UW2W;
				INFOPLIST_FILE = Instagram/Info.plist;
				LD_RUNPATH_SEARCH_PATHS = (
					"$(inherited)",
					"@executable_path/Frameworks",
				);
				PRODUCT_BUNDLE_IDENTIFIER = RahulGarg.Instagram;
				PRODUCT_NAME = "$(TARGET_NAME)";
				SWIFT_VERSION = 5.0;
				TARGETED_DEVICE_FAMILY = "1,2";
			};
			name = Debug;
		};
		B7895C63252C3643009AD5FB /* Release */ = {
			isa = XCBuildConfiguration;
			buildSettings = {
				ASSETCATALOG_COMPILER_APPICON_NAME = AppIcon;
				ASSETCATALOG_COMPILER_GLOBAL_ACCENT_COLOR_NAME = AccentColor;
				CODE_SIGN_STYLE = Automatic;
				DEVELOPMENT_TEAM = P72Y94UW2W;
				INFOPLIST_FILE = Instagram/Info.plist;
				LD_RUNPATH_SEARCH_PATHS = (
					"$(inherited)",
					"@executable_path/Frameworks",
				);
				PRODUCT_BUNDLE_IDENTIFIER = RahulGarg.Instagram;
				PRODUCT_NAME = "$(TARGET_NAME)";
				SWIFT_VERSION = 5.0;
				TARGETED_DEVICE_FAMILY = "1,2";
			};
			name = Release;
		};
		B7895C65252C3643009AD5FB /* Debug */ = {
			isa = XCBuildConfiguration;
			buildSettings = {
				ALWAYS_EMBED_SWIFT_STANDARD_LIBRARIES = YES;
				BUNDLE_LOADER = "$(TEST_HOST)";
				CODE_SIGN_STYLE = Automatic;
				DEVELOPMENT_TEAM = P72Y94UW2W;
				INFOPLIST_FILE = InstagramTests/Info.plist;
				IPHONEOS_DEPLOYMENT_TARGET = 14.0;
				LD_RUNPATH_SEARCH_PATHS = (
					"$(inherited)",
					"@executable_path/Frameworks",
					"@loader_path/Frameworks",
				);
				PRODUCT_BUNDLE_IDENTIFIER = RahulGarg.InstagramTests;
				PRODUCT_NAME = "$(TARGET_NAME)";
				SWIFT_VERSION = 5.0;
				TARGETED_DEVICE_FAMILY = "1,2";
				TEST_HOST = "$(BUILT_PRODUCTS_DIR)/Instagram.app/Instagram";
			};
			name = Debug;
		};
		B7895C66252C3643009AD5FB /* Release */ = {
			isa = XCBuildConfiguration;
			buildSettings = {
				ALWAYS_EMBED_SWIFT_STANDARD_LIBRARIES = YES;
				BUNDLE_LOADER = "$(TEST_HOST)";
				CODE_SIGN_STYLE = Automatic;
				DEVELOPMENT_TEAM = P72Y94UW2W;
				INFOPLIST_FILE = InstagramTests/Info.plist;
				IPHONEOS_DEPLOYMENT_TARGET = 14.0;
				LD_RUNPATH_SEARCH_PATHS = (
					"$(inherited)",
					"@executable_path/Frameworks",
					"@loader_path/Frameworks",
				);
				PRODUCT_BUNDLE_IDENTIFIER = RahulGarg.InstagramTests;
				PRODUCT_NAME = "$(TARGET_NAME)";
				SWIFT_VERSION = 5.0;
				TARGETED_DEVICE_FAMILY = "1,2";
				TEST_HOST = "$(BUILT_PRODUCTS_DIR)/Instagram.app/Instagram";
			};
			name = Release;
		};
		B7895C68252C3643009AD5FB /* Debug */ = {
			isa = XCBuildConfiguration;
			buildSettings = {
				ALWAYS_EMBED_SWIFT_STANDARD_LIBRARIES = YES;
				CODE_SIGN_STYLE = Automatic;
				DEVELOPMENT_TEAM = P72Y94UW2W;
				INFOPLIST_FILE = InstagramUITests/Info.plist;
				LD_RUNPATH_SEARCH_PATHS = (
					"$(inherited)",
					"@executable_path/Frameworks",
					"@loader_path/Frameworks",
				);
				PRODUCT_BUNDLE_IDENTIFIER = RahulGarg.InstagramUITests;
				PRODUCT_NAME = "$(TARGET_NAME)";
				SWIFT_VERSION = 5.0;
				TARGETED_DEVICE_FAMILY = "1,2";
				TEST_TARGET_NAME = Instagram;
			};
			name = Debug;
		};
		B7895C69252C3643009AD5FB /* Release */ = {
			isa = XCBuildConfiguration;
			buildSettings = {
				ALWAYS_EMBED_SWIFT_STANDARD_LIBRARIES = YES;
				CODE_SIGN_STYLE = Automatic;
				DEVELOPMENT_TEAM = P72Y94UW2W;
				INFOPLIST_FILE = InstagramUITests/Info.plist;
				LD_RUNPATH_SEARCH_PATHS = (
					"$(inherited)",
					"@executable_path/Frameworks",
					"@loader_path/Frameworks",
				);
				PRODUCT_BUNDLE_IDENTIFIER = RahulGarg.InstagramUITests;
				PRODUCT_NAME = "$(TARGET_NAME)";
				SWIFT_VERSION = 5.0;
				TARGETED_DEVICE_FAMILY = "1,2";
				TEST_TARGET_NAME = Instagram;
			};
			name = Release;
		};
/* End XCBuildConfiguration section */

/* Begin XCConfigurationList section */
		B7895C32252C3640009AD5FB /* Build configuration list for PBXProject "Instagram" */ = {
			isa = XCConfigurationList;
			buildConfigurations = (
				B7895C5F252C3643009AD5FB /* Debug */,
				B7895C60252C3643009AD5FB /* Release */,
			);
			defaultConfigurationIsVisible = 0;
			defaultConfigurationName = Release;
		};
		B7895C61252C3643009AD5FB /* Build configuration list for PBXNativeTarget "Instagram" */ = {
			isa = XCConfigurationList;
			buildConfigurations = (
				B7895C62252C3643009AD5FB /* Debug */,
				B7895C63252C3643009AD5FB /* Release */,
			);
			defaultConfigurationIsVisible = 0;
			defaultConfigurationName = Release;
		};
		B7895C64252C3643009AD5FB /* Build configuration list for PBXNativeTarget "InstagramTests" */ = {
			isa = XCConfigurationList;
			buildConfigurations = (
				B7895C65252C3643009AD5FB /* Debug */,
				B7895C66252C3643009AD5FB /* Release */,
			);
			defaultConfigurationIsVisible = 0;
			defaultConfigurationName = Release;
		};
		B7895C67252C3643009AD5FB /* Build configuration list for PBXNativeTarget "InstagramUITests" */ = {
			isa = XCConfigurationList;
			buildConfigurations = (
				B7895C68252C3643009AD5FB /* Debug */,
				B7895C69252C3643009AD5FB /* Release */,
			);
			defaultConfigurationIsVisible = 0;
			defaultConfigurationName = Release;
		};
/* End XCConfigurationList section */
	};
	rootObject = B7895C2F252C3640009AD5FB /* Project object */;
}
